
Microsoft Visual Studio Solution File, Format Version 12.00
# Visual Studio Version 17
VisualStudioVersion = 17.13.35806.99
MinimumVisualStudioVersion = 10.0.40219.1
Project("{FAE04EC0-301F-11D3-BF4B-00C04F79EFBC}") = "10_SmartDepo", "10_SmartDepo\10_SmartDepo.csproj", "{E5C7C7D1-91EC-4E74-AF59-612BD109FBDA}"
EndProject
Project("{FAE04EC0-301F-11D3-BF4B-00C04F79EFBC}") = "01_ServerBlazor", "01_ServerBlazor\01_ServerBlazor.csproj", "{A022BE23-80C8-43D9-800D-EA0903AF77A1}"
EndProject
Global
	GlobalSection(SolutionConfigurationPlatforms) = preSolution
		Debug|Any CPU = Debug|Any CPU
		Release|Any CPU = Release|Any CPU
	EndGlobalSection
	GlobalSection(ProjectConfigurationPlatforms) = postSolution
		{E5C7C7D1-91EC-4E74-AF59-612BD109FBDA}.Debug|Any CPU.ActiveCfg = Debug|Any CPU
		{E5C7C7D1-91EC-4E74-AF59-612BD109FBDA}.Debug|Any CPU.Build.0 = Debug|Any CPU
		{E5C7C7D1-91EC-4E74-AF59-612BD109FBDA}.Release|Any CPU.ActiveCfg = Release|Any CPU
		{E5C7C7D1-91EC-4E74-AF59-612BD109FBDA}.Release|Any CPU.Build.0 = Release|Any CPU
		{A022BE23-80C8-43D9-800D-EA0903AF77A1}.Debug|Any CPU.ActiveCfg = Debug|Any CPU
		{A022BE23-80C8-43D9-800D-EA0903AF77A1}.Debug|Any CPU.Build.0 = Debug|Any CPU
		{A022BE23-80C8-43D9-800D-EA0903AF77A1}.Release|Any CPU.ActiveCfg = Release|Any CPU
		{A022BE23-80C8-43D9-800D-EA0903AF77A1}.Release|Any CPU.Build.0 = Release|Any CPU
	EndGlobalSection
	GlobalSection(SolutionProperties) = preSolution
		HideSolutionNode = FALSE
	EndGlobalSection
	GlobalSection(ExtensibilityGlobals) = postSolution
		SolutionGuid = {4CECED52-BE6A-46EF-8CA4-EBCAC89A0F2A}
	EndGlobalSection
EndGlobal
